// !$*UTF8*$!
{
	archiveVersion = 1;
	classes = {
	};
	objectVersion = 55;
	objects = {

/* Begin PBXBuildFile section */
		1E7F2196DCB830CF3FA7AB07 /* Pods_ParstagramTests.framework in Frameworks */ = {isa = PBXBuildFile; fileRef = 0AE86A0714ACC9CD6498429E /* Pods_ParstagramTests.framework */; };
		2671DEA1BB88B8DB52E42886 /* Pods_Parstagram_ParstagramUITests.framework in Frameworks */ = {isa = PBXBuildFile; fileRef = 86EE52D6055C4CEA7F8BAEA7 /* Pods_Parstagram_ParstagramUITests.framework */; };
		CFAB5A12F959F8343EDD65E6 /* Pods_Parstagram.framework in Frameworks */ = {isa = PBXBuildFile; fileRef = 289DC9EDC67FEA2CE4736A2E /* Pods_Parstagram.framework */; };
		D559F88E27E0781F009F834D /* CommentCell.swift in Sources */ = {isa = PBXBuildFile; fileRef = D559F88D27E0781F009F834D /* CommentCell.swift */; };
		D56BE78527D9E84B000899B2 /* LoginViewController.swift in Sources */ = {isa = PBXBuildFile; fileRef = D56BE78427D9E84B000899B2 /* LoginViewController.swift */; };
		D56BE78727D9E856000899B2 /* FeedViewController.swift in Sources */ = {isa = PBXBuildFile; fileRef = D56BE78627D9E856000899B2 /* FeedViewController.swift */; };
		D5CBF96727D9DED200449002 /* AppDelegate.swift in Sources */ = {isa = PBXBuildFile; fileRef = D5CBF96627D9DED200449002 /* AppDelegate.swift */; };
		D5CBF96927D9DED200449002 /* SceneDelegate.swift in Sources */ = {isa = PBXBuildFile; fileRef = D5CBF96827D9DED200449002 /* SceneDelegate.swift */; };
		D5CBF96E27D9DED300449002 /* Main.storyboard in Resources */ = {isa = PBXBuildFile; fileRef = D5CBF96C27D9DED300449002 /* Main.storyboard */; };
		D5CBF97027D9DED300449002 /* Assets.xcassets in Resources */ = {isa = PBXBuildFile; fileRef = D5CBF96F27D9DED300449002 /* Assets.xcassets */; };
		D5CBF97327D9DED300449002 /* LaunchScreen.storyboard in Resources */ = {isa = PBXBuildFile; fileRef = D5CBF97127D9DED300449002 /* LaunchScreen.storyboard */; };
		D5CBF97E27D9DED300449002 /* ParstagramTests.swift in Sources */ = {isa = PBXBuildFile; fileRef = D5CBF97D27D9DED300449002 /* ParstagramTests.swift */; };
		D5CBF98827D9DED300449002 /* ParstagramUITests.swift in Sources */ = {isa = PBXBuildFile; fileRef = D5CBF98727D9DED300449002 /* ParstagramUITests.swift */; };
		D5CBF98A27D9DED300449002 /* ParstagramUITestsLaunchTests.swift in Sources */ = {isa = PBXBuildFile; fileRef = D5CBF98927D9DED300449002 /* ParstagramUITestsLaunchTests.swift */; };
		D5DD352C27DAABFF00626AD0 /* CameraViewController.swift in Sources */ = {isa = PBXBuildFile; fileRef = D5DD352B27DAABFF00626AD0 /* CameraViewController.swift */; };
		D5DD353627DB27F900626AD0 /* PostCell.swift in Sources */ = {isa = PBXBuildFile; fileRef = D5DD353527DB27F900626AD0 /* PostCell.swift */; };
/* End PBXBuildFile section */

/* Begin PBXContainerItemProxy section */
		D5CBF97A27D9DED300449002 /* PBXContainerItemProxy */ = {
			isa = PBXContainerItemProxy;
			containerPortal = D5CBF95B27D9DED200449002 /* Project object */;
			proxyType = 1;
			remoteGlobalIDString = D5CBF96227D9DED200449002;
			remoteInfo = Parstagram;
		};
		D5CBF98427D9DED300449002 /* PBXContainerItemProxy */ = {
			isa = PBXContainerItemProxy;
			containerPortal = D5CBF95B27D9DED200449002 /* Project object */;
			proxyType = 1;
			remoteGlobalIDString = D5CBF96227D9DED200449002;
			remoteInfo = Parstagram;
		};
/* End PBXContainerItemProxy section */

/* Begin PBXFileReference section */
		0A76C67EC243629261257AB8 /* Pods-Parstagram-ParstagramUITests.release.xcconfig */ = {isa = PBXFileReference; includeInIndex = 1; lastKnownFileType = text.xcconfig; name = "Pods-Parstagram-ParstagramUITests.release.xcconfig"; path = "Target Support Files/Pods-Parstagram-ParstagramUITests/Pods-Parstagram-ParstagramUITests.release.xcconfig"; sourceTree = "<group>"; };
		0AE86A0714ACC9CD6498429E /* Pods_ParstagramTests.framework */ = {isa = PBXFileReference; explicitFileType = wrapper.framework; includeInIndex = 0; path = Pods_ParstagramTests.framework; sourceTree = BUILT_PRODUCTS_DIR; };
		289DC9EDC67FEA2CE4736A2E /* Pods_Parstagram.framework */ = {isa = PBXFileReference; explicitFileType = wrapper.framework; includeInIndex = 0; path = Pods_Parstagram.framework; sourceTree = BUILT_PRODUCTS_DIR; };
		7E230DEC56B6AAC071F60E34 /* Pods-Parstagram.debug.xcconfig */ = {isa = PBXFileReference; includeInIndex = 1; lastKnownFileType = text.xcconfig; name = "Pods-Parstagram.debug.xcconfig"; path = "Target Support Files/Pods-Parstagram/Pods-Parstagram.debug.xcconfig"; sourceTree = "<group>"; };
		86EE52D6055C4CEA7F8BAEA7 /* Pods_Parstagram_ParstagramUITests.framework */ = {isa = PBXFileReference; explicitFileType = wrapper.framework; includeInIndex = 0; path = Pods_Parstagram_ParstagramUITests.framework; sourceTree = BUILT_PRODUCTS_DIR; };
		BABD961ADE6E1B80A22B4DA9 /* Pods-Parstagram.release.xcconfig */ = {isa = PBXFileReference; includeInIndex = 1; lastKnownFileType = text.xcconfig; name = "Pods-Parstagram.release.xcconfig"; path = "Target Support Files/Pods-Parstagram/Pods-Parstagram.release.xcconfig"; sourceTree = "<group>"; };
		D21905F532272F972841B2E9 /* Pods-ParstagramTests.debug.xcconfig */ = {isa = PBXFileReference; includeInIndex = 1; lastKnownFileType = text.xcconfig; name = "Pods-ParstagramTests.debug.xcconfig"; path = "Target Support Files/Pods-ParstagramTests/Pods-ParstagramTests.debug.xcconfig"; sourceTree = "<group>"; };
		D559F88D27E0781F009F834D /* CommentCell.swift */ = {isa = PBXFileReference; lastKnownFileType = sourcecode.swift; path = CommentCell.swift; sourceTree = "<group>"; };
		D56BE78427D9E84B000899B2 /* LoginViewController.swift */ = {isa = PBXFileReference; lastKnownFileType = sourcecode.swift; path = LoginViewController.swift; sourceTree = "<group>"; };
		D56BE78627D9E856000899B2 /* FeedViewController.swift */ = {isa = PBXFileReference; lastKnownFileType = sourcecode.swift; path = FeedViewController.swift; sourceTree = "<group>"; };
		D5CBF96327D9DED200449002 /* Parstagram.app */ = {isa = PBXFileReference; explicitFileType = wrapper.application; includeInIndex = 0; path = Parstagram.app; sourceTree = BUILT_PRODUCTS_DIR; };
		D5CBF96627D9DED200449002 /* AppDelegate.swift */ = {isa = PBXFileReference; lastKnownFileType = sourcecode.swift; path = AppDelegate.swift; sourceTree = "<group>"; };
		D5CBF96827D9DED200449002 /* SceneDelegate.swift */ = {isa = PBXFileReference; lastKnownFileType = sourcecode.swift; path = SceneDelegate.swift; sourceTree = "<group>"; };
		D5CBF96D27D9DED300449002 /* Base */ = {isa = PBXFileReference; lastKnownFileType = file.storyboard; name = Base; path = Base.lproj/Main.storyboard; sourceTree = "<group>"; };
		D5CBF96F27D9DED300449002 /* Assets.xcassets */ = {isa = PBXFileReference; lastKnownFileType = folder.assetcatalog; path = Assets.xcassets; sourceTree = "<group>"; };
		D5CBF97227D9DED300449002 /* Base */ = {isa = PBXFileReference; lastKnownFileType = file.storyboard; name = Base; path = Base.lproj/LaunchScreen.storyboard; sourceTree = "<group>"; };
		D5CBF97427D9DED300449002 /* Info.plist */ = {isa = PBXFileReference; lastKnownFileType = text.plist.xml; path = Info.plist; sourceTree = "<group>"; };
		D5CBF97927D9DED300449002 /* ParstagramTests.xctest */ = {isa = PBXFileReference; explicitFileType = wrapper.cfbundle; includeInIndex = 0; path = ParstagramTests.xctest; sourceTree = BUILT_PRODUCTS_DIR; };
		D5CBF97D27D9DED300449002 /* ParstagramTests.swift */ = {isa = PBXFileReference; lastKnownFileType = sourcecode.swift; path = ParstagramTests.swift; sourceTree = "<group>"; };
		D5CBF98327D9DED300449002 /* ParstagramUITests.xctest */ = {isa = PBXFileReference; explicitFileType = wrapper.cfbundle; includeInIndex = 0; path = ParstagramUITests.xctest; sourceTree = BUILT_PRODUCTS_DIR; };
		D5CBF98727D9DED300449002 /* ParstagramUITests.swift */ = {isa = PBXFileReference; lastKnownFileType = sourcecode.swift; path = ParstagramUITests.swift; sourceTree = "<group>"; };
		D5CBF98927D9DED300449002 /* ParstagramUITestsLaunchTests.swift */ = {isa = PBXFileReference; lastKnownFileType = sourcecode.swift; path = ParstagramUITestsLaunchTests.swift; sourceTree = "<group>"; };
		D5DD352B27DAABFF00626AD0 /* CameraViewController.swift */ = {isa = PBXFileReference; lastKnownFileType = sourcecode.swift; path = CameraViewController.swift; sourceTree = "<group>"; };
		D5DD353527DB27F900626AD0 /* PostCell.swift */ = {isa = PBXFileReference; lastKnownFileType = sourcecode.swift; path = PostCell.swift; sourceTree = "<group>"; };
		D7E6FF028FFAE80277C2C373 /* Pods-ParstagramTests.release.xcconfig */ = {isa = PBXFileReference; includeInIndex = 1; lastKnownFileType = text.xcconfig; name = "Pods-ParstagramTests.release.xcconfig"; path = "Target Support Files/Pods-ParstagramTests/Pods-ParstagramTests.release.xcconfig"; sourceTree = "<group>"; };
		E0FBB8FD21FB4798670A2962 /* Pods-Parstagram-ParstagramUITests.debug.xcconfig */ = {isa = PBXFileReference; includeInIndex = 1; lastKnownFileType = text.xcconfig; name = "Pods-Parstagram-ParstagramUITests.debug.xcconfig"; path = "Target Support Files/Pods-Parstagram-ParstagramUITests/Pods-Parstagram-ParstagramUITests.debug.xcconfig"; sourceTree = "<group>"; };
/* End PBXFileReference section */

/* Begin PBXFrameworksBuildPhase section */
		D5CBF96027D9DED200449002 /* Frameworks */ = {
			isa = PBXFrameworksBuildPhase;
			buildActionMask = 2147483647;
			files = (
				CFAB5A12F959F8343EDD65E6 /* Pods_Parstagram.framework in Frameworks */,
			);
			runOnlyForDeploymentPostprocessing = 0;
		};
		D5CBF97627D9DED300449002 /* Frameworks */ = {
			isa = PBXFrameworksBuildPhase;
			buildActionMask = 2147483647;
			files = (
				1E7F2196DCB830CF3FA7AB07 /* Pods_ParstagramTests.framework in Frameworks */,
			);
			runOnlyForDeploymentPostprocessing = 0;
		};
		D5CBF98027D9DED300449002 /* Frameworks */ = {
			isa = PBXFrameworksBuildPhase;
			buildActionMask = 2147483647;
			files = (
				2671DEA1BB88B8DB52E42886 /* Pods_Parstagram_ParstagramUITests.framework in Frameworks */,
			);
			runOnlyForDeploymentPostprocessing = 0;
		};
/* End PBXFrameworksBuildPhase section */

/* Begin PBXGroup section */
		6DF7591EA680F6052884A178 /* Pods */ = {
			isa = PBXGroup;
			children = (
				7E230DEC56B6AAC071F60E34 /* Pods-Parstagram.debug.xcconfig */,
				BABD961ADE6E1B80A22B4DA9 /* Pods-Parstagram.release.xcconfig */,
				E0FBB8FD21FB4798670A2962 /* Pods-Parstagram-ParstagramUITests.debug.xcconfig */,
				0A76C67EC243629261257AB8 /* Pods-Parstagram-ParstagramUITests.release.xcconfig */,
				D21905F532272F972841B2E9 /* Pods-ParstagramTests.debug.xcconfig */,
				D7E6FF028FFAE80277C2C373 /* Pods-ParstagramTests.release.xcconfig */,
			);
			path = Pods;
			sourceTree = "<group>";
		};
		D5CBF95A27D9DED200449002 = {
			isa = PBXGroup;
			children = (
				D5CBF96527D9DED200449002 /* Parstagram */,
				D5CBF97C27D9DED300449002 /* ParstagramTests */,
				D5CBF98627D9DED300449002 /* ParstagramUITests */,
				D5CBF96427D9DED200449002 /* Products */,
				6DF7591EA680F6052884A178 /* Pods */,
				EF6808960390A923EC7B0068 /* Frameworks */,
			);
			sourceTree = "<group>";
		};
		D5CBF96427D9DED200449002 /* Products */ = {
			isa = PBXGroup;
			children = (
				D5CBF96327D9DED200449002 /* Parstagram.app */,
				D5CBF97927D9DED300449002 /* ParstagramTests.xctest */,
				D5CBF98327D9DED300449002 /* ParstagramUITests.xctest */,
			);
			name = Products;
			sourceTree = "<group>";
		};
		D5CBF96527D9DED200449002 /* Parstagram */ = {
			isa = PBXGroup;
			children = (
				D5CBF96627D9DED200449002 /* AppDelegate.swift */,
				D5CBF96827D9DED200449002 /* SceneDelegate.swift */,
				D5CBF96C27D9DED300449002 /* Main.storyboard */,
				D559F88D27E0781F009F834D /* CommentCell.swift */,
				D5CBF96F27D9DED300449002 /* Assets.xcassets */,
				D5CBF97127D9DED300449002 /* LaunchScreen.storyboard */,
				D5CBF97427D9DED300449002 /* Info.plist */,
				D56BE78427D9E84B000899B2 /* LoginViewController.swift */,
				D56BE78627D9E856000899B2 /* FeedViewController.swift */,
				D5DD352B27DAABFF00626AD0 /* CameraViewController.swift */,
				D5DD353527DB27F900626AD0 /* PostCell.swift */,
			);
			path = Parstagram;
			sourceTree = "<group>";
		};
		D5CBF97C27D9DED300449002 /* ParstagramTests */ = {
			isa = PBXGroup;
			children = (
				D5CBF97D27D9DED300449002 /* ParstagramTests.swift */,
			);
			path = ParstagramTests;
			sourceTree = "<group>";
		};
		D5CBF98627D9DED300449002 /* ParstagramUITests */ = {
			isa = PBXGroup;
			children = (
				D5CBF98727D9DED300449002 /* ParstagramUITests.swift */,
				D5CBF98927D9DED300449002 /* ParstagramUITestsLaunchTests.swift */,
			);
			path = ParstagramUITests;
			sourceTree = "<group>";
		};
		EF6808960390A923EC7B0068 /* Frameworks */ = {
			isa = PBXGroup;
			children = (
				289DC9EDC67FEA2CE4736A2E /* Pods_Parstagram.framework */,
				86EE52D6055C4CEA7F8BAEA7 /* Pods_Parstagram_ParstagramUITests.framework */,
				0AE86A0714ACC9CD6498429E /* Pods_ParstagramTests.framework */,
			);
			name = Frameworks;
			sourceTree = "<group>";
		};
/* End PBXGroup section */

/* Begin PBXNativeTarget section */
		D5CBF96227D9DED200449002 /* Parstagram */ = {
			isa = PBXNativeTarget;
			buildConfigurationList = D5CBF98D27D9DED300449002 /* Build configuration list for PBXNativeTarget "Parstagram" */;
			buildPhases = (
				DA57DEA1979B65708DE0761C /* [CP] Check Pods Manifest.lock */,
				D5CBF95F27D9DED200449002 /* Sources */,
				D5CBF96027D9DED200449002 /* Frameworks */,
				D5CBF96127D9DED200449002 /* Resources */,
				2B3B18EF0DA6F8E155D82EF8 /* [CP] Embed Pods Frameworks */,
			);
			buildRules = (
			);
			dependencies = (
			);
			name = Parstagram;
			productName = Parstagram;
			productReference = D5CBF96327D9DED200449002 /* Parstagram.app */;
			productType = "com.apple.product-type.application";
		};
		D5CBF97827D9DED300449002 /* ParstagramTests */ = {
			isa = PBXNativeTarget;
			buildConfigurationList = D5CBF99027D9DED300449002 /* Build configuration list for PBXNativeTarget "ParstagramTests" */;
			buildPhases = (
				76FB17B07B1EF02DCB50EEEE /* [CP] Check Pods Manifest.lock */,
				D5CBF97527D9DED300449002 /* Sources */,
				D5CBF97627D9DED300449002 /* Frameworks */,
				D5CBF97727D9DED300449002 /* Resources */,
			);
			buildRules = (
			);
			dependencies = (
				D5CBF97B27D9DED300449002 /* PBXTargetDependency */,
			);
			name = ParstagramTests;
			productName = ParstagramTests;
			productReference = D5CBF97927D9DED300449002 /* ParstagramTests.xctest */;
			productType = "com.apple.product-type.bundle.unit-test";
		};
		D5CBF98227D9DED300449002 /* ParstagramUITests */ = {
			isa = PBXNativeTarget;
			buildConfigurationList = D5CBF99327D9DED300449002 /* Build configuration list for PBXNativeTarget "ParstagramUITests" */;
			buildPhases = (
				125F9CCE66F284DE271BFD92 /* [CP] Check Pods Manifest.lock */,
				D5CBF97F27D9DED300449002 /* Sources */,
				D5CBF98027D9DED300449002 /* Frameworks */,
				D5CBF98127D9DED300449002 /* Resources */,
				C07D3C120D65BB16CBEEBD97 /* [CP] Embed Pods Frameworks */,
			);
			buildRules = (
			);
			dependencies = (
				D5CBF98527D9DED300449002 /* PBXTargetDependency */,
			);
			name = ParstagramUITests;
			productName = ParstagramUITests;
			productReference = D5CBF98327D9DED300449002 /* ParstagramUITests.xctest */;
			productType = "com.apple.product-type.bundle.ui-testing";
		};
/* End PBXNativeTarget section */

/* Begin PBXProject section */
		D5CBF95B27D9DED200449002 /* Project object */ = {
			isa = PBXProject;
			attributes = {
				BuildIndependentTargetsInParallel = 1;
				LastSwiftUpdateCheck = 1320;
				LastUpgradeCheck = 1320;
				TargetAttributes = {
					D5CBF96227D9DED200449002 = {
						CreatedOnToolsVersion = 13.2.1;
					};
					D5CBF97827D9DED300449002 = {
						CreatedOnToolsVersion = 13.2.1;
						TestTargetID = D5CBF96227D9DED200449002;
					};
					D5CBF98227D9DED300449002 = {
						CreatedOnToolsVersion = 13.2.1;
						TestTargetID = D5CBF96227D9DED200449002;
					};
				};
			};
			buildConfigurationList = D5CBF95E27D9DED200449002 /* Build configuration list for PBXProject "Parstagram" */;
			compatibilityVersion = "Xcode 13.0";
			developmentRegion = en;
			hasScannedForEncodings = 0;
			knownRegions = (
				en,
				Base,
			);
			mainGroup = D5CBF95A27D9DED200449002;
			productRefGroup = D5CBF96427D9DED200449002 /* Products */;
			projectDirPath = "";
			projectRoot = "";
			targets = (
				D5CBF96227D9DED200449002 /* Parstagram */,
				D5CBF97827D9DED300449002 /* ParstagramTests */,
				D5CBF98227D9DED300449002 /* ParstagramUITests */,
			);
		};
/* End PBXProject section */

/* Begin PBXResourcesBuildPhase section */
		D5CBF96127D9DED200449002 /* Resources */ = {
			isa = PBXResourcesBuildPhase;
			buildActionMask = 2147483647;
			files = (
				D5CBF97327D9DED300449002 /* LaunchScreen.storyboard in Resources */,
				D5CBF97027D9DED300449002 /* Assets.xcassets in Resources */,
				D5CBF96E27D9DED300449002 /* Main.storyboard in Resources */,
			);
			runOnlyForDeploymentPostprocessing = 0;
		};
		D5CBF97727D9DED300449002 /* Resources */ = {
			isa = PBXResourcesBuildPhase;
			buildActionMask = 2147483647;
			files = (
			);
			runOnlyForDeploymentPostprocessing = 0;
		};
		D5CBF98127D9DED300449002 /* Resources */ = {
			isa = PBXResourcesBuildPhase;
			buildActionMask = 2147483647;
			files = (
			);
			runOnlyForDeploymentPostprocessing = 0;
		};
/* End PBXResourcesBuildPhase section */

/* Begin PBXShellScriptBuildPhase section */
		125F9CCE66F284DE271BFD92 /* [CP] Check Pods Manifest.lock */ = {
			isa = PBXShellScriptBuildPhase;
			buildActionMask = 2147483647;
			files = (
			);
			inputFileListPaths = (
			);
			inputPaths = (
				"${PODS_PODFILE_DIR_PATH}/Podfile.lock",
				"${PODS_ROOT}/Manifest.lock",
			);
			name = "[CP] Check Pods Manifest.lock";
			outputFileListPaths = (
			);
			outputPaths = (
				"$(DERIVED_FILE_DIR)/Pods-Parstagram-ParstagramUITests-checkManifestLockResult.txt",
			);
			runOnlyForDeploymentPostprocessing = 0;
			shellPath = /bin/sh;
			shellScript = "diff \"${PODS_PODFILE_DIR_PATH}/Podfile.lock\" \"${PODS_ROOT}/Manifest.lock\" > /dev/null\nif [ $? != 0 ] ; then\n    # print error to STDERR\n    echo \"error: The sandbox is not in sync with the Podfile.lock. Run 'pod install' or update your CocoaPods installation.\" >&2\n    exit 1\nfi\n# This output is used by Xcode 'outputs' to avoid re-running this script phase.\necho \"SUCCESS\" > \"${SCRIPT_OUTPUT_FILE_0}\"\n";
			showEnvVarsInLog = 0;
		};
		2B3B18EF0DA6F8E155D82EF8 /* [CP] Embed Pods Frameworks */ = {
			isa = PBXShellScriptBuildPhase;
			buildActionMask = 2147483647;
			files = (
			);
			inputFileListPaths = (
				"${PODS_ROOT}/Target Support Files/Pods-Parstagram/Pods-Parstagram-frameworks-${CONFIGURATION}-input-files.xcfilelist",
			);
			name = "[CP] Embed Pods Frameworks";
			outputFileListPaths = (
				"${PODS_ROOT}/Target Support Files/Pods-Parstagram/Pods-Parstagram-frameworks-${CONFIGURATION}-output-files.xcfilelist",
			);
			runOnlyForDeploymentPostprocessing = 0;
			shellPath = /bin/sh;
			shellScript = "\"${PODS_ROOT}/Target Support Files/Pods-Parstagram/Pods-Parstagram-frameworks.sh\"\n";
			showEnvVarsInLog = 0;
		};
		76FB17B07B1EF02DCB50EEEE /* [CP] Check Pods Manifest.lock */ = {
			isa = PBXShellScriptBuildPhase;
			buildActionMask = 2147483647;
			files = (
			);
			inputFileListPaths = (
			);
			inputPaths = (
				"${PODS_PODFILE_DIR_PATH}/Podfile.lock",
				"${PODS_ROOT}/Manifest.lock",
			);
			name = "[CP] Check Pods Manifest.lock";
			outputFileListPaths = (
			);
			outputPaths = (
				"$(DERIVED_FILE_DIR)/Pods-ParstagramTests-checkManifestLockResult.txt",
			);
			runOnlyForDeploymentPostprocessing = 0;
			shellPath = /bin/sh;
			shellScript = "diff \"${PODS_PODFILE_DIR_PATH}/Podfile.lock\" \"${PODS_ROOT}/Manifest.lock\" > /dev/null\nif [ $? != 0 ] ; then\n    # print error to STDERR\n    echo \"error: The sandbox is not in sync with the Podfile.lock. Run 'pod install' or update your CocoaPods installation.\" >&2\n    exit 1\nfi\n# This output is used by Xcode 'outputs' to avoid re-running this script phase.\necho \"SUCCESS\" > \"${SCRIPT_OUTPUT_FILE_0}\"\n";
			showEnvVarsInLog = 0;
		};
		C07D3C120D65BB16CBEEBD97 /* [CP] Embed Pods Frameworks */ = {
			isa = PBXShellScriptBuildPhase;
			buildActionMask = 2147483647;
			files = (
			);
			inputFileListPaths = (
				"${PODS_ROOT}/Target Support Files/Pods-Parstagram-ParstagramUITests/Pods-Parstagram-ParstagramUITests-frameworks-${CONFIGURATION}-input-files.xcfilelist",
			);
			name = "[CP] Embed Pods Frameworks";
			outputFileListPaths = (
				"${PODS_ROOT}/Target Support Files/Pods-Parstagram-ParstagramUITests/Pods-Parstagram-ParstagramUITests-frameworks-${CONFIGURATION}-output-files.xcfilelist",
			);
			runOnlyForDeploymentPostprocessing = 0;
			shellPath = /bin/sh;
			shellScript = "\"${PODS_ROOT}/Target Support Files/Pods-Parstagram-ParstagramUITests/Pods-Parstagram-ParstagramUITests-frameworks.sh\"\n";
			showEnvVarsInLog = 0;
		};
		DA57DEA1979B65708DE0761C /* [CP] Check Pods Manifest.lock */ = {
			isa = PBXShellScriptBuildPhase;
			buildActionMask = 2147483647;
			files = (
			);
			inputFileListPaths = (
			);
			inputPaths = (
				"${PODS_PODFILE_DIR_PATH}/Podfile.lock",
				"${PODS_ROOT}/Manifest.lock",
			);
			name = "[CP] Check Pods Manifest.lock";
			outputFileListPaths = (
			);
			outputPaths = (
				"$(DERIVED_FILE_DIR)/Pods-Parstagram-checkManifestLockResult.txt",
			);
			runOnlyForDeploymentPostprocessing = 0;
			shellPath = /bin/sh;
			shellScript = "diff \"${PODS_PODFILE_DIR_PATH}/Podfile.lock\" \"${PODS_ROOT}/Manifest.lock\" > /dev/null\nif [ $? != 0 ] ; then\n    # print error to STDERR\n    echo \"error: The sandbox is not in sync with the Podfile.lock. Run 'pod install' or update your CocoaPods installation.\" >&2\n    exit 1\nfi\n# This output is used by Xcode 'outputs' to avoid re-running this script phase.\necho \"SUCCESS\" > \"${SCRIPT_OUTPUT_FILE_0}\"\n";
			showEnvVarsInLog = 0;
		};
/* End PBXShellScriptBuildPhase section */

/* Begin PBXSourcesBuildPhase section */
		D5CBF95F27D9DED200449002 /* Sources */ = {
			isa = PBXSourcesBuildPhase;
			buildActionMask = 2147483647;
			files = (
				D56BE78527D9E84B000899B2 /* LoginViewController.swift in Sources */,
				D5DD352C27DAABFF00626AD0 /* CameraViewController.swift in Sources */,
				D5CBF96727D9DED200449002 /* AppDelegate.swift in Sources */,
				D56BE78727D9E856000899B2 /* FeedViewController.swift in Sources */,
				D5CBF96927D9DED200449002 /* SceneDelegate.swift in Sources */,
				D5DD353627DB27F900626AD0 /* PostCell.swift in Sources */,
				D559F88E27E0781F009F834D /* CommentCell.swift in Sources */,
			);
			runOnlyForDeploymentPostprocessing = 0;
		};
		D5CBF97527D9DED300449002 /* Sources */ = {
			isa = PBXSourcesBuildPhase;
			buildActionMask = 2147483647;
			files = (
				D5CBF97E27D9DED300449002 /* ParstagramTests.swift in Sources */,
			);
			runOnlyForDeploymentPostprocessing = 0;
		};
		D5CBF97F27D9DED300449002 /* Sources */ = {
			isa = PBXSourcesBuildPhase;
			buildActionMask = 2147483647;
			files = (
				D5CBF98A27D9DED300449002 /* ParstagramUITestsLaunchTests.swift in Sources */,
				D5CBF98827D9DED300449002 /* ParstagramUITests.swift in Sources */,
			);
			runOnlyForDeploymentPostprocessing = 0;
		};
/* End PBXSourcesBuildPhase section */

/* Begin PBXTargetDependency section */
		D5CBF97B27D9DED300449002 /* PBXTargetDependency */ = {
			isa = PBXTargetDependency;
			target = D5CBF96227D9DED200449002 /* Parstagram */;
			targetProxy = D5CBF97A27D9DED300449002 /* PBXContainerItemProxy */;
		};
		D5CBF98527D9DED300449002 /* PBXTargetDependency */ = {
			isa = PBXTargetDependency;
			target = D5CBF96227D9DED200449002 /* Parstagram */;
			targetProxy = D5CBF98427D9DED300449002 /* PBXContainerItemProxy */;
		};
/* End PBXTargetDependency section */

/* Begin PBXVariantGroup section */
		D5CBF96C27D9DED300449002 /* Main.storyboard */ = {
			isa = PBXVariantGroup;
			children = (
				D5CBF96D27D9DED300449002 /* Base */,
			);
			name = Main.storyboard;
			sourceTree = "<group>";
		};
		D5CBF97127D9DED300449002 /* LaunchScreen.storyboard */ = {
			isa = PBXVariantGroup;
			children = (
				D5CBF97227D9DED300449002 /* Base */,
			);
			name = LaunchScreen.storyboard;
			sourceTree = "<group>";
		};
/* End PBXVariantGroup section */

/* Begin XCBuildConfiguration section */
		D5CBF98B27D9DED300449002 /* Debug */ = {
			isa = XCBuildConfiguration;
			buildSettings = {
				ALWAYS_SEARCH_USER_PATHS = NO;
				CLANG_ANALYZER_NONNULL = YES;
				CLANG_ANALYZER_NUMBER_OBJECT_CONVERSION = YES_AGGRESSIVE;
				CLANG_CXX_LANGUAGE_STANDARD = "gnu++17";
				CLANG_CXX_LIBRARY = "libc++";
				CLANG_ENABLE_MODULES = YES;
				CLANG_ENABLE_OBJC_ARC = YES;
				CLANG_ENABLE_OBJC_WEAK = YES;
				CLANG_WARN_BLOCK_CAPTURE_AUTORELEASING = YES;
				CLANG_WARN_BOOL_CONVERSION = YES;
				CLANG_WARN_COMMA = YES;
				CLANG_WARN_CONSTANT_CONVERSION = YES;
				CLANG_WARN_DEPRECATED_OBJC_IMPLEMENTATIONS = YES;
				CLANG_WARN_DIRECT_OBJC_ISA_USAGE = YES_ERROR;
				CLANG_WARN_DOCUMENTATION_COMMENTS = YES;
				CLANG_WARN_EMPTY_BODY = YES;
				CLANG_WARN_ENUM_CONVERSION = YES;
				CLANG_WARN_INFINITE_RECURSION = YES;
				CLANG_WARN_INT_CONVERSION = YES;
				CLANG_WARN_NON_LITERAL_NULL_CONVERSION = YES;
				CLANG_WARN_OBJC_IMPLICIT_RETAIN_SELF = YES;
				CLANG_WARN_OBJC_LITERAL_CONVERSION = YES;
				CLANG_WARN_OBJC_ROOT_CLASS = YES_ERROR;
				CLANG_WARN_QUOTED_INCLUDE_IN_FRAMEWORK_HEADER = YES;
				CLANG_WARN_RANGE_LOOP_ANALYSIS = YES;
				CLANG_WARN_STRICT_PROTOTYPES = YES;
				CLANG_WARN_SUSPICIOUS_MOVE = YES;
				CLANG_WARN_UNGUARDED_AVAILABILITY = YES_AGGRESSIVE;
				CLANG_WARN_UNREACHABLE_CODE = YES;
				CLANG_WARN__DUPLICATE_METHOD_MATCH = YES;
				COPY_PHASE_STRIP = NO;
				DEBUG_INFORMATION_FORMAT = dwarf;
				ENABLE_STRICT_OBJC_MSGSEND = YES;
				ENABLE_TESTABILITY = YES;
				GCC_C_LANGUAGE_STANDARD = gnu11;
				GCC_DYNAMIC_NO_PIC = NO;
				GCC_NO_COMMON_BLOCKS = YES;
				GCC_OPTIMIZATION_LEVEL = 0;
				GCC_PREPROCESSOR_DEFINITIONS = (
					"DEBUG=1",
					"$(inherited)",
				);
				GCC_WARN_64_TO_32_BIT_CONVERSION = YES;
				GCC_WARN_ABOUT_RETURN_TYPE = YES_ERROR;
				GCC_WARN_UNDECLARED_SELECTOR = YES;
				GCC_WARN_UNINITIALIZED_AUTOS = YES_AGGRESSIVE;
				GCC_WARN_UNUSED_FUNCTION = YES;
				GCC_WARN_UNUSED_VARIABLE = YES;
				IPHONEOS_DEPLOYMENT_TARGET = 15.2;
				MTL_ENABLE_DEBUG_INFO = INCLUDE_SOURCE;
				MTL_FAST_MATH = YES;
				ONLY_ACTIVE_ARCH = YES;
				SDKROOT = iphoneos;
				SWIFT_ACTIVE_COMPILATION_CONDITIONS = DEBUG;
				SWIFT_OPTIMIZATION_LEVEL = "-Onone";
			};
			name = Debug;
		};
		D5CBF98C27D9DED300449002 /* Release */ = {
			isa = XCBuildConfiguration;
			buildSettings = {
				ALWAYS_SEARCH_USER_PATHS = NO;
				CLANG_ANALYZER_NONNULL = YES;
				CLANG_ANALYZER_NUMBER_OBJECT_CONVERSION = YES_AGGRESSIVE;
				CLANG_CXX_LANGUAGE_STANDARD = "gnu++17";
				CLANG_CXX_LIBRARY = "libc++";
				CLANG_ENABLE_MODULES = YES;
				CLANG_ENABLE_OBJC_ARC = YES;
				CLANG_ENABLE_OBJC_WEAK = YES;
				CLANG_WARN_BLOCK_CAPTURE_AUTORELEASING = YES;
				CLANG_WARN_BOOL_CONVERSION = YES;
				CLANG_WARN_COMMA = YES;
				CLANG_WARN_CONSTANT_CONVERSION = YES;
				CLANG_WARN_DEPRECATED_OBJC_IMPLEMENTATIONS = YES;
				CLANG_WARN_DIRECT_OBJC_ISA_USAGE = YES_ERROR;
				CLANG_WARN_DOCUMENTATION_COMMENTS = YES;
				CLANG_WARN_EMPTY_BODY = YES;
				CLANG_WARN_ENUM_CONVERSION = YES;
				CLANG_WARN_INFINITE_RECURSION = YES;
				CLANG_WARN_INT_CONVERSION = YES;
				CLANG_WARN_NON_LITERAL_NULL_CONVERSION = YES;
				CLANG_WARN_OBJC_IMPLICIT_RETAIN_SELF = YES;
				CLANG_WARN_OBJC_LITERAL_CONVERSION = YES;
				CLANG_WARN_OBJC_ROOT_CLASS = YES_ERROR;
				CLANG_WARN_QUOTED_INCLUDE_IN_FRAMEWORK_HEADER = YES;
				CLANG_WARN_RANGE_LOOP_ANALYSIS = YES;
				CLANG_WARN_STRICT_PROTOTYPES = YES;
				CLANG_WARN_SUSPICIOUS_MOVE = YES;
				CLANG_WARN_UNGUARDED_AVAILABILITY = YES_AGGRESSIVE;
				CLANG_WARN_UNREACHABLE_CODE = YES;
				CLANG_WARN__DUPLICATE_METHOD_MATCH = YES;
				COPY_PHASE_STRIP = NO;
				DEBUG_INFORMATION_FORMAT = "dwarf-with-dsym";
				ENABLE_NS_ASSERTIONS = NO;
				ENABLE_STRICT_OBJC_MSGSEND = YES;
				GCC_C_LANGUAGE_STANDARD = gnu11;
				GCC_NO_COMMON_BLOCKS = YES;
				GCC_WARN_64_TO_32_BIT_CONVERSION = YES;
				GCC_WARN_ABOUT_RETURN_TYPE = YES_ERROR;
				GCC_WARN_UNDECLARED_SELECTOR = YES;
				GCC_WARN_UNINITIALIZED_AUTOS = YES_AGGRESSIVE;
				GCC_WARN_UNUSED_FUNCTION = YES;
				GCC_WARN_UNUSED_VARIABLE = YES;
				IPHONEOS_DEPLOYMENT_TARGET = 15.2;
				MTL_ENABLE_DEBUG_INFO = NO;
				MTL_FAST_MATH = YES;
				SDKROOT = iphoneos;
				SWIFT_COMPILATION_MODE = wholemodule;
				SWIFT_OPTIMIZATION_LEVEL = "-O";
				VALIDATE_PRODUCT = YES;
			};
			name = Release;
		};
		D5CBF98E27D9DED300449002 /* Debug */ = {
			isa = XCBuildConfiguration;
			baseConfigurationReference = 7E230DEC56B6AAC071F60E34 /* Pods-Parstagram.debug.xcconfig */;
			buildSettings = {
				ASSETCATALOG_COMPILER_APPICON_NAME = AppIcon;
				ASSETCATALOG_COMPILER_GLOBAL_ACCENT_COLOR_NAME = AccentColor;
				ASSETCATALOG_COMPILER_INCLUDE_ALL_APPICON_ASSETS = NO;
				CODE_SIGN_STYLE = Automatic;
				CURRENT_PROJECT_VERSION = 1;
				DEVELOPMENT_TEAM = LGD44GGZRC;
				GENERATE_INFOPLIST_FILE = YES;
				INFOPLIST_FILE = Parstagram/Info.plist;
				INFOPLIST_KEY_CFBundleDisplayName = Parstagram;
				INFOPLIST_KEY_UIApplicationSupportsIndirectInputEvents = YES;
				INFOPLIST_KEY_UILaunchStoryboardName = LaunchScreen;
				INFOPLIST_KEY_UIMainStoryboardFile = Main;
				INFOPLIST_KEY_UISupportedInterfaceOrientations_iPad = "UIInterfaceOrientationPortrait UIInterfaceOrientationPortraitUpsideDown UIInterfaceOrientationLandscapeLeft UIInterfaceOrientationLandscapeRight";
				INFOPLIST_KEY_UISupportedInterfaceOrientations_iPhone = "UIInterfaceOrientationPortrait UIInterfaceOrientationLandscapeLeft UIInterfaceOrientationLandscapeRight";
				LD_RUNPATH_SEARCH_PATHS = (
					"$(inherited)",
					"@executable_path/Frameworks",
				);
				MARKETING_VERSION = 1.0;
				PRODUCT_BUNDLE_IDENTIFIER = com.AlanCodePath.Parstagram;
				PRODUCT_NAME = "$(TARGET_NAME)";
				SWIFT_EMIT_LOC_STRINGS = YES;
				SWIFT_VERSION = 5.0;
				TARGETED_DEVICE_FAMILY = "1,2";
			};
			name = Debug;
		};
		D5CBF98F27D9DED300449002 /* Release */ = {
			isa = XCBuildConfiguration;
			baseConfigurationReference = BABD961ADE6E1B80A22B4DA9 /* Pods-Parstagram.release.xcconfig */;
			buildSettings = {
				ASSETCATALOG_COMPILER_APPICON_NAME = AppIcon;
				ASSETCATALOG_COMPILER_GLOBAL_ACCENT_COLOR_NAME = AccentColor;
				ASSETCATALOG_COMPILER_INCLUDE_ALL_APPICON_ASSETS = NO;
				CODE_SIGN_STYLE = Automatic;
				CURRENT_PROJECT_VERSION = 1;
				DEVELOPMENT_TEAM = LGD44GGZRC;
				GENERATE_INFOPLIST_FILE = YES;
				INFOPLIST_FILE = Parstagram/Info.plist;
				INFOPLIST_KEY_CFBundleDisplayName = Parstagram;
				INFOPLIST_KEY_UIApplicationSupportsIndirectInputEvents = YES;
				INFOPLIST_KEY_UILaunchStoryboardName = LaunchScreen;
				INFOPLIST_KEY_UIMainStoryboardFile = Main;
				INFOPLIST_KEY_UISupportedInterfaceOrientations_iPad = "UIInterfaceOrientationPortrait UIInterfaceOrientationPortraitUpsideDown UIInterfaceOrientationLandscapeLeft UIInterfaceOrientationLandscapeRight";
				INFOPLIST_KEY_UISupportedInterfaceOrientations_iPhone = "UIInterfaceOrientationPortrait UIInterfaceOrientationLandscapeLeft UIInterfaceOrientationLandscapeRight";
				LD_RUNPATH_SEARCH_PATHS = (
					"$(inherited)",
					"@executable_path/Frameworks",
				);
				MARKETING_VERSION = 1.0;
				PRODUCT_BUNDLE_IDENTIFIER = com.AlanCodePath.Parstagram;
				PRODUCT_NAME = "$(TARGET_NAME)";
				SWIFT_EMIT_LOC_STRINGS = YES;
				SWIFT_VERSION = 5.0;
				TARGETED_DEVICE_FAMILY = "1,2";
			};
			name = Release;
		};
		D5CBF99127D9DED300449002 /* Debug */ = {
			isa = XCBuildConfiguration;
			baseConfigurationReference = D21905F532272F972841B2E9 /* Pods-ParstagramTests.debug.xcconfig */;
			buildSettings = {
				ALWAYS_EMBED_SWIFT_STANDARD_LIBRARIES = YES;
				BUNDLE_LOADER = "$(TEST_HOST)";
				CODE_SIGN_STYLE = Automatic;
				CURRENT_PROJECT_VERSION = 1;
				DEVELOPMENT_TEAM = LGD44GGZRC;
				GENERATE_INFOPLIST_FILE = YES;
				IPHONEOS_DEPLOYMENT_TARGET = 15.2;
				MARKETING_VERSION = 1.0;
				PRODUCT_BUNDLE_IDENTIFIER = com.AlanCodePath.ParstagramTests;
				PRODUCT_NAME = "$(TARGET_NAME)";
				SWIFT_EMIT_LOC_STRINGS = NO;
				SWIFT_VERSION = 5.0;
				TARGETED_DEVICE_FAMILY = "1,2";
				TEST_HOST = "$(BUILT_PRODUCTS_DIR)/Parstagram.app/Parstagram";
			};
			name = Debug;
		};
		D5CBF99227D9DED300449002 /* Release */ = {
			isa = XCBuildConfiguration;
			baseConfigurationReference = D7E6FF028FFAE80277C2C373 /* Pods-ParstagramTests.release.xcconfig */;
			buildSettings = {
				ALWAYS_EMBED_SWIFT_STANDARD_LIBRARIES = YES;
				BUNDLE_LOADER = "$(TEST_HOST)";
				CODE_SIGN_STYLE = Automatic;
				CURRENT_PROJECT_VERSION = 1;
				DEVELOPMENT_TEAM = LGD44GGZRC;
				GENERATE_INFOPLIST_FILE = YES;
				IPHONEOS_DEPLOYMENT_TARGET = 15.2;
				MARKETING_VERSION = 1.0;
				PRODUCT_BUNDLE_IDENTIFIER = com.AlanCodePath.ParstagramTests;
				PRODUCT_NAME = "$(TARGET_NAME)";
				SWIFT_EMIT_LOC_STRINGS = NO;
				SWIFT_VERSION = 5.0;
				TARGETED_DEVICE_FAMILY = "1,2";
				TEST_HOST = "$(BUILT_PRODUCTS_DIR)/Parstagram.app/Parstagram";
			};
			name = Release;
		};
		D5CBF99427D9DED300449002 /* Debug */ = {
			isa = XCBuildConfiguration;
			baseConfigurationReference = E0FBB8FD21FB4798670A2962 /* Pods-Parstagram-ParstagramUITests.debug.xcconfig */;
			buildSettings = {
				ALWAYS_EMBED_SWIFT_STANDARD_LIBRARIES = YES;
				CODE_SIGN_STYLE = Automatic;
				CURRENT_PROJECT_VERSION = 1;
				DEVELOPMENT_TEAM = LGD44GGZRC;
				GENERATE_INFOPLIST_FILE = YES;
				MARKETING_VERSION = 1.0;
				PRODUCT_BUNDLE_IDENTIFIER = com.AlanCodePath.ParstagramUITests;
				PRODUCT_NAME = "$(TARGET_NAME)";
				SWIFT_EMIT_LOC_STRINGS = NO;
				SWIFT_VERSION = 5.0;
				TARGETED_DEVICE_FAMILY = "1,2";
				TEST_TARGET_NAME = Parstagram;
			};
			name = Debug;
		};
		D5CBF99527D9DED300449002 /* Release */ = {
			isa = XCBuildConfiguration;
			baseConfigurationReference = 0A76C67EC243629261257AB8 /* Pods-Parstagram-ParstagramUITests.release.xcconfig */;
			buildSettings = {
				ALWAYS_EMBED_SWIFT_STANDARD_LIBRARIES = YES;
				CODE_SIGN_STYLE = Automatic;
				CURRENT_PROJECT_VERSION = 1;
				DEVELOPMENT_TEAM = LGD44GGZRC;
				GENERATE_INFOPLIST_FILE = YES;
				MARKETING_VERSION = 1.0;
				PRODUCT_BUNDLE_IDENTIFIER = com.AlanCodePath.ParstagramUITests;
				PRODUCT_NAME = "$(TARGET_NAME)";
				SWIFT_EMIT_LOC_STRINGS = NO;
				SWIFT_VERSION = 5.0;
				TARGETED_DEVICE_FAMILY = "1,2";
				TEST_TARGET_NAME = Parstagram;
			};
			name = Release;
		};
/* End XCBuildConfiguration section */

/* Begin XCConfigurationList section */
		D5CBF95E27D9DED200449002 /* Build configuration list for PBXProject "Parstagram" */ = {
			isa = XCConfigurationList;
			buildConfigurations = (
				D5CBF98B27D9DED300449002 /* Debug */,
				D5CBF98C27D9DED300449002 /* Release */,
			);
			defaultConfigurationIsVisible = 0;
			defaultConfigurationName = Release;
		};
		D5CBF98D27D9DED300449002 /* Build configuration list for PBXNativeTarget "Parstagram" */ = {
			isa = XCConfigurationList;
			buildConfigurations = (
				D5CBF98E27D9DED300449002 /* Debug */,
				D5CBF98F27D9DED300449002 /* Release */,
			);
			defaultConfigurationIsVisible = 0;
			defaultConfigurationName = Release;
		};
		D5CBF99027D9DED300449002 /* Build configuration list for PBXNativeTarget "ParstagramTests" */ = {
			isa = XCConfigurationList;
			buildConfigurations = (
				D5CBF99127D9DED300449002 /* Debug */,
				D5CBF99227D9DED300449002 /* Release */,
			);
			defaultConfigurationIsVisible = 0;
			defaultConfigurationName = Release;
		};
		D5CBF99327D9DED300449002 /* Build configuration list for PBXNativeTarget "ParstagramUITests" */ = {
			isa = XCConfigurationList;
			buildConfigurations = (
				D5CBF99427D9DED300449002 /* Debug */,
				D5CBF99527D9DED300449002 /* Release */,
			);
			defaultConfigurationIsVisible = 0;
			defaultConfigurationName = Release;
		};
/* End XCConfigurationList section */
	};
	rootObject = D5CBF95B27D9DED200449002 /* Project object */;
}
