// !$*UTF8*$!
{
	archiveVersion = 1;
	classes = {
	};
	objectVersion = 55;
	objects = {

/* Begin PBXBuildFile section */
		60C33CFF791DD88A853E8226 /* Pods_Flixster.framework in Frameworks */ = {isa = PBXBuildFile; fileRef = EEEF974FBC368CD14FE0C946 /* Pods_Flixster.framework */; };
		72DE58A6F66294A3C22F272C /* Pods_Flixster_FlixsterUITests.framework in Frameworks */ = {isa = PBXBuildFile; fileRef = 8BDBB2042DEDDAFB4027BD25 /* Pods_Flixster_FlixsterUITests.framework */; };
		D501273527AE0B52001EE496 /* AppDelegate.swift in Sources */ = {isa = PBXBuildFile; fileRef = D501273427AE0B52001EE496 /* AppDelegate.swift */; };
		D501273727AE0B52001EE496 /* SceneDelegate.swift in Sources */ = {isa = PBXBuildFile; fileRef = D501273627AE0B52001EE496 /* SceneDelegate.swift */; };
		D501273927AE0B52001EE496 /* ViewController.swift in Sources */ = {isa = PBXBuildFile; fileRef = D501273827AE0B52001EE496 /* ViewController.swift */; };
		D501273C27AE0B52001EE496 /* Main.storyboard in Resources */ = {isa = PBXBuildFile; fileRef = D501273A27AE0B52001EE496 /* Main.storyboard */; };
		D501273E27AE0B54001EE496 /* Assets.xcassets in Resources */ = {isa = PBXBuildFile; fileRef = D501273D27AE0B54001EE496 /* Assets.xcassets */; };
		D501274127AE0B54001EE496 /* LaunchScreen.storyboard in Resources */ = {isa = PBXBuildFile; fileRef = D501273F27AE0B54001EE496 /* LaunchScreen.storyboard */; };
		D501274C27AE0B54001EE496 /* FlixsterTests.swift in Sources */ = {isa = PBXBuildFile; fileRef = D501274B27AE0B54001EE496 /* FlixsterTests.swift */; };
		D501275627AE0B54001EE496 /* FlixsterUITests.swift in Sources */ = {isa = PBXBuildFile; fileRef = D501275527AE0B54001EE496 /* FlixsterUITests.swift */; };
		D501275827AE0B54001EE496 /* FlixsterUITestsLaunchTests.swift in Sources */ = {isa = PBXBuildFile; fileRef = D501275727AE0B54001EE496 /* FlixsterUITestsLaunchTests.swift */; };
		D5063A5327B63E2800A49B51 /* MoviesViewController.swift in Sources */ = {isa = PBXBuildFile; fileRef = D5063A5227B63E2800A49B51 /* MoviesViewController.swift */; };
		D5063A5527B6465F00A49B51 /* MovieCell.swift in Sources */ = {isa = PBXBuildFile; fileRef = D5063A5427B6465F00A49B51 /* MovieCell.swift */; };
		D5E69DF127BF6B25004AD5AA /* MovieDetailsViewController.swift in Sources */ = {isa = PBXBuildFile; fileRef = D5E69DF027BF6B25004AD5AA /* MovieDetailsViewController.swift */; };
		D5E69DF327BF84CA004AD5AA /* MovieGridViewController.swift in Sources */ = {isa = PBXBuildFile; fileRef = D5E69DF227BF84CA004AD5AA /* MovieGridViewController.swift */; };
		D5E69DF527BF87E9004AD5AA /* MovieGridCell.swift in Sources */ = {isa = PBXBuildFile; fileRef = D5E69DF427BF87E9004AD5AA /* MovieGridCell.swift */; };
		EACC866BB633A43E710080E3 /* Pods_FlixsterTests.framework in Frameworks */ = {isa = PBXBuildFile; fileRef = 2F64C6A7E046923C507743F4 /* Pods_FlixsterTests.framework */; };
/* End PBXBuildFile section */

/* Begin PBXContainerItemProxy section */
		D501274827AE0B54001EE496 /* PBXContainerItemProxy */ = {
			isa = PBXContainerItemProxy;
			containerPortal = D501272927AE0B52001EE496 /* Project object */;
			proxyType = 1;
			remoteGlobalIDString = D501273027AE0B52001EE496;
			remoteInfo = Flixster;
		};
		D501275227AE0B54001EE496 /* PBXContainerItemProxy */ = {
			isa = PBXContainerItemProxy;
			containerPortal = D501272927AE0B52001EE496 /* Project object */;
			proxyType = 1;
			remoteGlobalIDString = D501273027AE0B52001EE496;
			remoteInfo = Flixster;
		};
/* End PBXContainerItemProxy section */

/* Begin PBXFileReference section */
		1EE7AD8020EE2B56D82A96B4 /* Pods-FlixsterTests.release.xcconfig */ = {isa = PBXFileReference; includeInIndex = 1; lastKnownFileType = text.xcconfig; name = "Pods-FlixsterTests.release.xcconfig"; path = "Target Support Files/Pods-FlixsterTests/Pods-FlixsterTests.release.xcconfig"; sourceTree = "<group>"; };
		2F64C6A7E046923C507743F4 /* Pods_FlixsterTests.framework */ = {isa = PBXFileReference; explicitFileType = wrapper.framework; includeInIndex = 0; path = Pods_FlixsterTests.framework; sourceTree = BUILT_PRODUCTS_DIR; };
		660C4136B023E55A7ED91174 /* Pods-Flixster-FlixsterUITests.release.xcconfig */ = {isa = PBXFileReference; includeInIndex = 1; lastKnownFileType = text.xcconfig; name = "Pods-Flixster-FlixsterUITests.release.xcconfig"; path = "Target Support Files/Pods-Flixster-FlixsterUITests/Pods-Flixster-FlixsterUITests.release.xcconfig"; sourceTree = "<group>"; };
		8BDBB2042DEDDAFB4027BD25 /* Pods_Flixster_FlixsterUITests.framework */ = {isa = PBXFileReference; explicitFileType = wrapper.framework; includeInIndex = 0; path = Pods_Flixster_FlixsterUITests.framework; sourceTree = BUILT_PRODUCTS_DIR; };
		8D9F3B9EEAEA89733D8AA13D /* Pods-Flixster-FlixsterUITests.debug.xcconfig */ = {isa = PBXFileReference; includeInIndex = 1; lastKnownFileType = text.xcconfig; name = "Pods-Flixster-FlixsterUITests.debug.xcconfig"; path = "Target Support Files/Pods-Flixster-FlixsterUITests/Pods-Flixster-FlixsterUITests.debug.xcconfig"; sourceTree = "<group>"; };
		A4EC05C75E46C84E9E97C784 /* Pods-FlixsterTests.debug.xcconfig */ = {isa = PBXFileReference; includeInIndex = 1; lastKnownFileType = text.xcconfig; name = "Pods-FlixsterTests.debug.xcconfig"; path = "Target Support Files/Pods-FlixsterTests/Pods-FlixsterTests.debug.xcconfig"; sourceTree = "<group>"; };
		B892A7CE8D68C551A712D55B /* Pods-Flixster.release.xcconfig */ = {isa = PBXFileReference; includeInIndex = 1; lastKnownFileType = text.xcconfig; name = "Pods-Flixster.release.xcconfig"; path = "Target Support Files/Pods-Flixster/Pods-Flixster.release.xcconfig"; sourceTree = "<group>"; };
		C644FD859EEC353C12395ECD /* Pods-Flixster.debug.xcconfig */ = {isa = PBXFileReference; includeInIndex = 1; lastKnownFileType = text.xcconfig; name = "Pods-Flixster.debug.xcconfig"; path = "Target Support Files/Pods-Flixster/Pods-Flixster.debug.xcconfig"; sourceTree = "<group>"; };
		D501273127AE0B52001EE496 /* Flixster.app */ = {isa = PBXFileReference; explicitFileType = wrapper.application; includeInIndex = 0; path = Flixster.app; sourceTree = BUILT_PRODUCTS_DIR; };
		D501273427AE0B52001EE496 /* AppDelegate.swift */ = {isa = PBXFileReference; lastKnownFileType = sourcecode.swift; path = AppDelegate.swift; sourceTree = "<group>"; };
		D501273627AE0B52001EE496 /* SceneDelegate.swift */ = {isa = PBXFileReference; lastKnownFileType = sourcecode.swift; path = SceneDelegate.swift; sourceTree = "<group>"; };
		D501273827AE0B52001EE496 /* ViewController.swift */ = {isa = PBXFileReference; lastKnownFileType = sourcecode.swift; name = ViewController.swift; path = Flixster/ViewController.swift; sourceTree = SOURCE_ROOT; };
		D501273B27AE0B52001EE496 /* Base */ = {isa = PBXFileReference; lastKnownFileType = file.storyboard; name = Base; path = Base.lproj/Main.storyboard; sourceTree = "<group>"; };
		D501273D27AE0B54001EE496 /* Assets.xcassets */ = {isa = PBXFileReference; lastKnownFileType = folder.assetcatalog; path = Assets.xcassets; sourceTree = "<group>"; };
		D501274027AE0B54001EE496 /* Base */ = {isa = PBXFileReference; lastKnownFileType = file.storyboard; name = Base; path = Base.lproj/LaunchScreen.storyboard; sourceTree = "<group>"; };
		D501274227AE0B54001EE496 /* Info.plist */ = {isa = PBXFileReference; lastKnownFileType = text.plist.xml; path = Info.plist; sourceTree = "<group>"; };
		D501274727AE0B54001EE496 /* FlixsterTests.xctest */ = {isa = PBXFileReference; explicitFileType = wrapper.cfbundle; includeInIndex = 0; path = FlixsterTests.xctest; sourceTree = BUILT_PRODUCTS_DIR; };
		D501274B27AE0B54001EE496 /* FlixsterTests.swift */ = {isa = PBXFileReference; lastKnownFileType = sourcecode.swift; path = FlixsterTests.swift; sourceTree = "<group>"; };
		D501275127AE0B54001EE496 /* FlixsterUITests.xctest */ = {isa = PBXFileReference; explicitFileType = wrapper.cfbundle; includeInIndex = 0; path = FlixsterUITests.xctest; sourceTree = BUILT_PRODUCTS_DIR; };
		D501275527AE0B54001EE496 /* FlixsterUITests.swift */ = {isa = PBXFileReference; lastKnownFileType = sourcecode.swift; path = FlixsterUITests.swift; sourceTree = "<group>"; };
		D501275727AE0B54001EE496 /* FlixsterUITestsLaunchTests.swift */ = {isa = PBXFileReference; lastKnownFileType = sourcecode.swift; path = FlixsterUITestsLaunchTests.swift; sourceTree = "<group>"; };
		D5063A5227B63E2800A49B51 /* MoviesViewController.swift */ = {isa = PBXFileReference; lastKnownFileType = sourcecode.swift; path = MoviesViewController.swift; sourceTree = "<group>"; };
		D5063A5427B6465F00A49B51 /* MovieCell.swift */ = {isa = PBXFileReference; lastKnownFileType = sourcecode.swift; path = MovieCell.swift; sourceTree = "<group>"; };
		D5E69DF027BF6B25004AD5AA /* MovieDetailsViewController.swift */ = {isa = PBXFileReference; lastKnownFileType = sourcecode.swift; path = MovieDetailsViewController.swift; sourceTree = "<group>"; };
		D5E69DF227BF84CA004AD5AA /* MovieGridViewController.swift */ = {isa = PBXFileReference; lastKnownFileType = sourcecode.swift; path = MovieGridViewController.swift; sourceTree = "<group>"; };
		D5E69DF427BF87E9004AD5AA /* MovieGridCell.swift */ = {isa = PBXFileReference; lastKnownFileType = sourcecode.swift; path = MovieGridCell.swift; sourceTree = "<group>"; };
		EEEF974FBC368CD14FE0C946 /* Pods_Flixster.framework */ = {isa = PBXFileReference; explicitFileType = wrapper.framework; includeInIndex = 0; path = Pods_Flixster.framework; sourceTree = BUILT_PRODUCTS_DIR; };
/* End PBXFileReference section */

/* Begin PBXFrameworksBuildPhase section */
		D501272E27AE0B52001EE496 /* Frameworks */ = {
			isa = PBXFrameworksBuildPhase;
			buildActionMask = 2147483647;
			files = (
				60C33CFF791DD88A853E8226 /* Pods_Flixster.framework in Frameworks */,
			);
			runOnlyForDeploymentPostprocessing = 0;
		};
		D501274427AE0B54001EE496 /* Frameworks */ = {
			isa = PBXFrameworksBuildPhase;
			buildActionMask = 2147483647;
			files = (
				EACC866BB633A43E710080E3 /* Pods_FlixsterTests.framework in Frameworks */,
			);
			runOnlyForDeploymentPostprocessing = 0;
		};
		D501274E27AE0B54001EE496 /* Frameworks */ = {
			isa = PBXFrameworksBuildPhase;
			buildActionMask = 2147483647;
			files = (
				72DE58A6F66294A3C22F272C /* Pods_Flixster_FlixsterUITests.framework in Frameworks */,
			);
			runOnlyForDeploymentPostprocessing = 0;
		};
/* End PBXFrameworksBuildPhase section */

/* Begin PBXGroup section */
		34E9730F163CE688CB000843 /* Pods */ = {
			isa = PBXGroup;
			children = (
				C644FD859EEC353C12395ECD /* Pods-Flixster.debug.xcconfig */,
				B892A7CE8D68C551A712D55B /* Pods-Flixster.release.xcconfig */,
				8D9F3B9EEAEA89733D8AA13D /* Pods-Flixster-FlixsterUITests.debug.xcconfig */,
				660C4136B023E55A7ED91174 /* Pods-Flixster-FlixsterUITests.release.xcconfig */,
				A4EC05C75E46C84E9E97C784 /* Pods-FlixsterTests.debug.xcconfig */,
				1EE7AD8020EE2B56D82A96B4 /* Pods-FlixsterTests.release.xcconfig */,
			);
			path = Pods;
			sourceTree = "<group>";
		};
		91BA1C1B95665C596D254458 /* Frameworks */ = {
			isa = PBXGroup;
			children = (
				EEEF974FBC368CD14FE0C946 /* Pods_Flixster.framework */,
				8BDBB2042DEDDAFB4027BD25 /* Pods_Flixster_FlixsterUITests.framework */,
				2F64C6A7E046923C507743F4 /* Pods_FlixsterTests.framework */,
			);
			name = Frameworks;
			sourceTree = "<group>";
		};
		D501272827AE0B52001EE496 = {
			isa = PBXGroup;
			children = (
				D501273327AE0B52001EE496 /* Flixster */,
				D501274A27AE0B54001EE496 /* FlixsterTests */,
				D501275427AE0B54001EE496 /* FlixsterUITests */,
				D501273227AE0B52001EE496 /* Products */,
				34E9730F163CE688CB000843 /* Pods */,
				91BA1C1B95665C596D254458 /* Frameworks */,
			);
			sourceTree = "<group>";
		};
		D501273227AE0B52001EE496 /* Products */ = {
			isa = PBXGroup;
			children = (
				D501273127AE0B52001EE496 /* Flixster.app */,
				D501274727AE0B54001EE496 /* FlixsterTests.xctest */,
				D501275127AE0B54001EE496 /* FlixsterUITests.xctest */,
			);
			name = Products;
			sourceTree = "<group>";
		};
		D501273327AE0B52001EE496 /* Flixster */ = {
			isa = PBXGroup;
			children = (
				D501273427AE0B52001EE496 /* AppDelegate.swift */,
				D5E69DF227BF84CA004AD5AA /* MovieGridViewController.swift */,
				D501273627AE0B52001EE496 /* SceneDelegate.swift */,
				D501273827AE0B52001EE496 /* ViewController.swift */,
				D501273A27AE0B52001EE496 /* Main.storyboard */,
				D5063A5427B6465F00A49B51 /* MovieCell.swift */,
				D5063A5227B63E2800A49B51 /* MoviesViewController.swift */,
				D501273D27AE0B54001EE496 /* Assets.xcassets */,
				D501273F27AE0B54001EE496 /* LaunchScreen.storyboard */,
				D501274227AE0B54001EE496 /* Info.plist */,
				D5E69DF027BF6B25004AD5AA /* MovieDetailsViewController.swift */,
				D5E69DF427BF87E9004AD5AA /* MovieGridCell.swift */,
			);
			path = Flixster;
			sourceTree = "<group>";
		};
		D501274A27AE0B54001EE496 /* FlixsterTests */ = {
			isa = PBXGroup;
			children = (
				D501274B27AE0B54001EE496 /* FlixsterTests.swift */,
			);
			path = FlixsterTests;
			sourceTree = "<group>";
		};
		D501275427AE0B54001EE496 /* FlixsterUITests */ = {
			isa = PBXGroup;
			children = (
				D501275527AE0B54001EE496 /* FlixsterUITests.swift */,
				D501275727AE0B54001EE496 /* FlixsterUITestsLaunchTests.swift */,
			);
			path = FlixsterUITests;
			sourceTree = "<group>";
		};
/* End PBXGroup section */

/* Begin PBXNativeTarget section */
		D501273027AE0B52001EE496 /* Flixster */ = {
			isa = PBXNativeTarget;
			buildConfigurationList = D501275B27AE0B54001EE496 /* Build configuration list for PBXNativeTarget "Flixster" */;
			buildPhases = (
				F6D85FA75F3641DDD154D8D1 /* [CP] Check Pods Manifest.lock */,
				D501272D27AE0B52001EE496 /* Sources */,
				D501272E27AE0B52001EE496 /* Frameworks */,
				D501272F27AE0B52001EE496 /* Resources */,
				9294CC87743DA67B4D187E19 /* [CP] Embed Pods Frameworks */,
			);
			buildRules = (
			);
			dependencies = (
			);
			name = Flixster;
			productName = Flixster;
			productReference = D501273127AE0B52001EE496 /* Flixster.app */;
			productType = "com.apple.product-type.application";
		};
		D501274627AE0B54001EE496 /* FlixsterTests */ = {
			isa = PBXNativeTarget;
			buildConfigurationList = D501275E27AE0B54001EE496 /* Build configuration list for PBXNativeTarget "FlixsterTests" */;
			buildPhases = (
				798E9F9884A940908425823B /* [CP] Check Pods Manifest.lock */,
				D501274327AE0B54001EE496 /* Sources */,
				D501274427AE0B54001EE496 /* Frameworks */,
				D501274527AE0B54001EE496 /* Resources */,
			);
			buildRules = (
			);
			dependencies = (
				D501274927AE0B54001EE496 /* PBXTargetDependency */,
			);
			name = FlixsterTests;
			productName = FlixsterTests;
			productReference = D501274727AE0B54001EE496 /* FlixsterTests.xctest */;
			productType = "com.apple.product-type.bundle.unit-test";
		};
		D501275027AE0B54001EE496 /* FlixsterUITests */ = {
			isa = PBXNativeTarget;
			buildConfigurationList = D501276127AE0B54001EE496 /* Build configuration list for PBXNativeTarget "FlixsterUITests" */;
			buildPhases = (
				84FD6ED6C3EC58E63D9A5A5C /* [CP] Check Pods Manifest.lock */,
				D501274D27AE0B54001EE496 /* Sources */,
				D501274E27AE0B54001EE496 /* Frameworks */,
				D501274F27AE0B54001EE496 /* Resources */,
				82E92476A0115348944980CA /* [CP] Embed Pods Frameworks */,
			);
			buildRules = (
			);
			dependencies = (
				D501275327AE0B54001EE496 /* PBXTargetDependency */,
			);
			name = FlixsterUITests;
			productName = FlixsterUITests;
			productReference = D501275127AE0B54001EE496 /* FlixsterUITests.xctest */;
			productType = "com.apple.product-type.bundle.ui-testing";
		};
/* End PBXNativeTarget section */

/* Begin PBXProject section */
		D501272927AE0B52001EE496 /* Project object */ = {
			isa = PBXProject;
			attributes = {
				BuildIndependentTargetsInParallel = 1;
				LastSwiftUpdateCheck = 1320;
				LastUpgradeCheck = 1320;
				TargetAttributes = {
					D501273027AE0B52001EE496 = {
						CreatedOnToolsVersion = 13.2.1;
					};
					D501274627AE0B54001EE496 = {
						CreatedOnToolsVersion = 13.2.1;
						TestTargetID = D501273027AE0B52001EE496;
					};
					D501275027AE0B54001EE496 = {
						CreatedOnToolsVersion = 13.2.1;
						TestTargetID = D501273027AE0B52001EE496;
					};
				};
			};
			buildConfigurationList = D501272C27AE0B52001EE496 /* Build configuration list for PBXProject "Flixster" */;
			compatibilityVersion = "Xcode 13.0";
			developmentRegion = en;
			hasScannedForEncodings = 0;
			knownRegions = (
				en,
				Base,
			);
			mainGroup = D501272827AE0B52001EE496;
			productRefGroup = D501273227AE0B52001EE496 /* Products */;
			projectDirPath = "";
			projectRoot = "";
			targets = (
				D501273027AE0B52001EE496 /* Flixster */,
				D501274627AE0B54001EE496 /* FlixsterTests */,
				D501275027AE0B54001EE496 /* FlixsterUITests */,
			);
		};
/* End PBXProject section */

/* Begin PBXResourcesBuildPhase section */
		D501272F27AE0B52001EE496 /* Resources */ = {
			isa = PBXResourcesBuildPhase;
			buildActionMask = 2147483647;
			files = (
				D501274127AE0B54001EE496 /* LaunchScreen.storyboard in Resources */,
				D501273E27AE0B54001EE496 /* Assets.xcassets in Resources */,
				D501273C27AE0B52001EE496 /* Main.storyboard in Resources */,
			);
			runOnlyForDeploymentPostprocessing = 0;
		};
		D501274527AE0B54001EE496 /* Resources */ = {
			isa = PBXResourcesBuildPhase;
			buildActionMask = 2147483647;
			files = (
			);
			runOnlyForDeploymentPostprocessing = 0;
		};
		D501274F27AE0B54001EE496 /* Resources */ = {
			isa = PBXResourcesBuildPhase;
			buildActionMask = 2147483647;
			files = (
			);
			runOnlyForDeploymentPostprocessing = 0;
		};
/* End PBXResourcesBuildPhase section */

/* Begin PBXShellScriptBuildPhase section */
		798E9F9884A940908425823B /* [CP] Check Pods Manifest.lock */ = {
			isa = PBXShellScriptBuildPhase;
			buildActionMask = 2147483647;
			files = (
			);
			inputFileListPaths = (
			);
			inputPaths = (
				"${PODS_PODFILE_DIR_PATH}/Podfile.lock",
				"${PODS_ROOT}/Manifest.lock",
			);
			name = "[CP] Check Pods Manifest.lock";
			outputFileListPaths = (
			);
			outputPaths = (
				"$(DERIVED_FILE_DIR)/Pods-FlixsterTests-checkManifestLockResult.txt",
			);
			runOnlyForDeploymentPostprocessing = 0;
			shellPath = /bin/sh;
			shellScript = "diff \"${PODS_PODFILE_DIR_PATH}/Podfile.lock\" \"${PODS_ROOT}/Manifest.lock\" > /dev/null\nif [ $? != 0 ] ; then\n    # print error to STDERR\n    echo \"error: The sandbox is not in sync with the Podfile.lock. Run 'pod install' or update your CocoaPods installation.\" >&2\n    exit 1\nfi\n# This output is used by Xcode 'outputs' to avoid re-running this script phase.\necho \"SUCCESS\" > \"${SCRIPT_OUTPUT_FILE_0}\"\n";
			showEnvVarsInLog = 0;
		};
		82E92476A0115348944980CA /* [CP] Embed Pods Frameworks */ = {
			isa = PBXShellScriptBuildPhase;
			buildActionMask = 2147483647;
			files = (
			);
			inputFileListPaths = (
				"${PODS_ROOT}/Target Support Files/Pods-Flixster-FlixsterUITests/Pods-Flixster-FlixsterUITests-frameworks-${CONFIGURATION}-input-files.xcfilelist",
			);
			name = "[CP] Embed Pods Frameworks";
			outputFileListPaths = (
				"${PODS_ROOT}/Target Support Files/Pods-Flixster-FlixsterUITests/Pods-Flixster-FlixsterUITests-frameworks-${CONFIGURATION}-output-files.xcfilelist",
			);
			runOnlyForDeploymentPostprocessing = 0;
			shellPath = /bin/sh;
			shellScript = "\"${PODS_ROOT}/Target Support Files/Pods-Flixster-FlixsterUITests/Pods-Flixster-FlixsterUITests-frameworks.sh\"\n";
			showEnvVarsInLog = 0;
		};
		84FD6ED6C3EC58E63D9A5A5C /* [CP] Check Pods Manifest.lock */ = {
			isa = PBXShellScriptBuildPhase;
			buildActionMask = 2147483647;
			files = (
			);
			inputFileListPaths = (
			);
			inputPaths = (
				"${PODS_PODFILE_DIR_PATH}/Podfile.lock",
				"${PODS_ROOT}/Manifest.lock",
			);
			name = "[CP] Check Pods Manifest.lock";
			outputFileListPaths = (
			);
			outputPaths = (
				"$(DERIVED_FILE_DIR)/Pods-Flixster-FlixsterUITests-checkManifestLockResult.txt",
			);
			runOnlyForDeploymentPostprocessing = 0;
			shellPath = /bin/sh;
			shellScript = "diff \"${PODS_PODFILE_DIR_PATH}/Podfile.lock\" \"${PODS_ROOT}/Manifest.lock\" > /dev/null\nif [ $? != 0 ] ; then\n    # print error to STDERR\n    echo \"error: The sandbox is not in sync with the Podfile.lock. Run 'pod install' or update your CocoaPods installation.\" >&2\n    exit 1\nfi\n# This output is used by Xcode 'outputs' to avoid re-running this script phase.\necho \"SUCCESS\" > \"${SCRIPT_OUTPUT_FILE_0}\"\n";
			showEnvVarsInLog = 0;
		};
		9294CC87743DA67B4D187E19 /* [CP] Embed Pods Frameworks */ = {
			isa = PBXShellScriptBuildPhase;
			buildActionMask = 2147483647;
			files = (
			);
			inputFileListPaths = (
				"${PODS_ROOT}/Target Support Files/Pods-Flixster/Pods-Flixster-frameworks-${CONFIGURATION}-input-files.xcfilelist",
			);
			name = "[CP] Embed Pods Frameworks";
			outputFileListPaths = (
				"${PODS_ROOT}/Target Support Files/Pods-Flixster/Pods-Flixster-frameworks-${CONFIGURATION}-output-files.xcfilelist",
			);
			runOnlyForDeploymentPostprocessing = 0;
			shellPath = /bin/sh;
			shellScript = "\"${PODS_ROOT}/Target Support Files/Pods-Flixster/Pods-Flixster-frameworks.sh\"\n";
			showEnvVarsInLog = 0;
		};
		F6D85FA75F3641DDD154D8D1 /* [CP] Check Pods Manifest.lock */ = {
			isa = PBXShellScriptBuildPhase;
			buildActionMask = 2147483647;
			files = (
			);
			inputFileListPaths = (
			);
			inputPaths = (
				"${PODS_PODFILE_DIR_PATH}/Podfile.lock",
				"${PODS_ROOT}/Manifest.lock",
			);
			name = "[CP] Check Pods Manifest.lock";
			outputFileListPaths = (
			);
			outputPaths = (
				"$(DERIVED_FILE_DIR)/Pods-Flixster-checkManifestLockResult.txt",
			);
			runOnlyForDeploymentPostprocessing = 0;
			shellPath = /bin/sh;
			shellScript = "diff \"${PODS_PODFILE_DIR_PATH}/Podfile.lock\" \"${PODS_ROOT}/Manifest.lock\" > /dev/null\nif [ $? != 0 ] ; then\n    # print error to STDERR\n    echo \"error: The sandbox is not in sync with the Podfile.lock. Run 'pod install' or update your CocoaPods installation.\" >&2\n    exit 1\nfi\n# This output is used by Xcode 'outputs' to avoid re-running this script phase.\necho \"SUCCESS\" > \"${SCRIPT_OUTPUT_FILE_0}\"\n";
			showEnvVarsInLog = 0;
		};
/* End PBXShellScriptBuildPhase section */

/* Begin PBXSourcesBuildPhase section */
		D501272D27AE0B52001EE496 /* Sources */ = {
			isa = PBXSourcesBuildPhase;
			buildActionMask = 2147483647;
			files = (
				D501273927AE0B52001EE496 /* ViewController.swift in Sources */,
				D501273527AE0B52001EE496 /* AppDelegate.swift in Sources */,
				D5E69DF127BF6B25004AD5AA /* MovieDetailsViewController.swift in Sources */,
				D5E69DF327BF84CA004AD5AA /* MovieGridViewController.swift in Sources */,
				D5E69DF527BF87E9004AD5AA /* MovieGridCell.swift in Sources */,
				D501273727AE0B52001EE496 /* SceneDelegate.swift in Sources */,
				D5063A5527B6465F00A49B51 /* MovieCell.swift in Sources */,
				D5063A5327B63E2800A49B51 /* MoviesViewController.swift in Sources */,
			);
			runOnlyForDeploymentPostprocessing = 0;
		};
		D501274327AE0B54001EE496 /* Sources */ = {
			isa = PBXSourcesBuildPhase;
			buildActionMask = 2147483647;
			files = (
				D501274C27AE0B54001EE496 /* FlixsterTests.swift in Sources */,
			);
			runOnlyForDeploymentPostprocessing = 0;
		};
		D501274D27AE0B54001EE496 /* Sources */ = {
			isa = PBXSourcesBuildPhase;
			buildActionMask = 2147483647;
			files = (
				D501275827AE0B54001EE496 /* FlixsterUITestsLaunchTests.swift in Sources */,
				D501275627AE0B54001EE496 /* FlixsterUITests.swift in Sources */,
			);
			runOnlyForDeploymentPostprocessing = 0;
		};
/* End PBXSourcesBuildPhase section */

/* Begin PBXTargetDependency section */
		D501274927AE0B54001EE496 /* PBXTargetDependency */ = {
			isa = PBXTargetDependency;
			target = D501273027AE0B52001EE496 /* Flixster */;
			targetProxy = D501274827AE0B54001EE496 /* PBXContainerItemProxy */;
		};
		D501275327AE0B54001EE496 /* PBXTargetDependency */ = {
			isa = PBXTargetDependency;
			target = D501273027AE0B52001EE496 /* Flixster */;
			targetProxy = D501275227AE0B54001EE496 /* PBXContainerItemProxy */;
		};
/* End PBXTargetDependency section */

/* Begin PBXVariantGroup section */
		D501273A27AE0B52001EE496 /* Main.storyboard */ = {
			isa = PBXVariantGroup;
			children = (
				D501273B27AE0B52001EE496 /* Base */,
			);
			name = Main.storyboard;
			sourceTree = "<group>";
		};
		D501273F27AE0B54001EE496 /* LaunchScreen.storyboard */ = {
			isa = PBXVariantGroup;
			children = (
				D501274027AE0B54001EE496 /* Base */,
			);
			name = LaunchScreen.storyboard;
			sourceTree = "<group>";
		};
/* End PBXVariantGroup section */

/* Begin XCBuildConfiguration section */
		D501275927AE0B54001EE496 /* Debug */ = {
			isa = XCBuildConfiguration;
			buildSettings = {
				ALWAYS_SEARCH_USER_PATHS = NO;
				CLANG_ANALYZER_NONNULL = YES;
				CLANG_ANALYZER_NUMBER_OBJECT_CONVERSION = YES_AGGRESSIVE;
				CLANG_CXX_LANGUAGE_STANDARD = "gnu++17";
				CLANG_CXX_LIBRARY = "libc++";
				CLANG_ENABLE_MODULES = YES;
				CLANG_ENABLE_OBJC_ARC = YES;
				CLANG_ENABLE_OBJC_WEAK = YES;
				CLANG_WARN_BLOCK_CAPTURE_AUTORELEASING = YES;
				CLANG_WARN_BOOL_CONVERSION = YES;
				CLANG_WARN_COMMA = YES;
				CLANG_WARN_CONSTANT_CONVERSION = YES;
				CLANG_WARN_DEPRECATED_OBJC_IMPLEMENTATIONS = YES;
				CLANG_WARN_DIRECT_OBJC_ISA_USAGE = YES_ERROR;
				CLANG_WARN_DOCUMENTATION_COMMENTS = YES;
				CLANG_WARN_EMPTY_BODY = YES;
				CLANG_WARN_ENUM_CONVERSION = YES;
				CLANG_WARN_INFINITE_RECURSION = YES;
				CLANG_WARN_INT_CONVERSION = YES;
				CLANG_WARN_NON_LITERAL_NULL_CONVERSION = YES;
				CLANG_WARN_OBJC_IMPLICIT_RETAIN_SELF = YES;
				CLANG_WARN_OBJC_LITERAL_CONVERSION = YES;
				CLANG_WARN_OBJC_ROOT_CLASS = YES_ERROR;
				CLANG_WARN_QUOTED_INCLUDE_IN_FRAMEWORK_HEADER = YES;
				CLANG_WARN_RANGE_LOOP_ANALYSIS = YES;
				CLANG_WARN_STRICT_PROTOTYPES = YES;
				CLANG_WARN_SUSPICIOUS_MOVE = YES;
				CLANG_WARN_UNGUARDED_AVAILABILITY = YES_AGGRESSIVE;
				CLANG_WARN_UNREACHABLE_CODE = YES;
				CLANG_WARN__DUPLICATE_METHOD_MATCH = YES;
				COPY_PHASE_STRIP = NO;
				DEBUG_INFORMATION_FORMAT = dwarf;
				ENABLE_STRICT_OBJC_MSGSEND = YES;
				ENABLE_TESTABILITY = YES;
				GCC_C_LANGUAGE_STANDARD = gnu11;
				GCC_DYNAMIC_NO_PIC = NO;
				GCC_NO_COMMON_BLOCKS = YES;
				GCC_OPTIMIZATION_LEVEL = 0;
				GCC_PREPROCESSOR_DEFINITIONS = (
					"DEBUG=1",
					"$(inherited)",
				);
				GCC_WARN_64_TO_32_BIT_CONVERSION = YES;
				GCC_WARN_ABOUT_RETURN_TYPE = YES_ERROR;
				GCC_WARN_UNDECLARED_SELECTOR = YES;
				GCC_WARN_UNINITIALIZED_AUTOS = YES_AGGRESSIVE;
				GCC_WARN_UNUSED_FUNCTION = YES;
				GCC_WARN_UNUSED_VARIABLE = YES;
				IPHONEOS_DEPLOYMENT_TARGET = 15.2;
				MTL_ENABLE_DEBUG_INFO = INCLUDE_SOURCE;
				MTL_FAST_MATH = YES;
				ONLY_ACTIVE_ARCH = YES;
				SDKROOT = iphoneos;
				SWIFT_ACTIVE_COMPILATION_CONDITIONS = DEBUG;
				SWIFT_OPTIMIZATION_LEVEL = "-Onone";
			};
			name = Debug;
		};
		D501275A27AE0B54001EE496 /* Release */ = {
			isa = XCBuildConfiguration;
			buildSettings = {
				ALWAYS_SEARCH_USER_PATHS = NO;
				CLANG_ANALYZER_NONNULL = YES;
				CLANG_ANALYZER_NUMBER_OBJECT_CONVERSION = YES_AGGRESSIVE;
				CLANG_CXX_LANGUAGE_STANDARD = "gnu++17";
				CLANG_CXX_LIBRARY = "libc++";
				CLANG_ENABLE_MODULES = YES;
				CLANG_ENABLE_OBJC_ARC = YES;
				CLANG_ENABLE_OBJC_WEAK = YES;
				CLANG_WARN_BLOCK_CAPTURE_AUTORELEASING = YES;
				CLANG_WARN_BOOL_CONVERSION = YES;
				CLANG_WARN_COMMA = YES;
				CLANG_WARN_CONSTANT_CONVERSION = YES;
				CLANG_WARN_DEPRECATED_OBJC_IMPLEMENTATIONS = YES;
				CLANG_WARN_DIRECT_OBJC_ISA_USAGE = YES_ERROR;
				CLANG_WARN_DOCUMENTATION_COMMENTS = YES;
				CLANG_WARN_EMPTY_BODY = YES;
				CLANG_WARN_ENUM_CONVERSION = YES;
				CLANG_WARN_INFINITE_RECURSION = YES;
				CLANG_WARN_INT_CONVERSION = YES;
				CLANG_WARN_NON_LITERAL_NULL_CONVERSION = YES;
				CLANG_WARN_OBJC_IMPLICIT_RETAIN_SELF = YES;
				CLANG_WARN_OBJC_LITERAL_CONVERSION = YES;
				CLANG_WARN_OBJC_ROOT_CLASS = YES_ERROR;
				CLANG_WARN_QUOTED_INCLUDE_IN_FRAMEWORK_HEADER = YES;
				CLANG_WARN_RANGE_LOOP_ANALYSIS = YES;
				CLANG_WARN_STRICT_PROTOTYPES = YES;
				CLANG_WARN_SUSPICIOUS_MOVE = YES;
				CLANG_WARN_UNGUARDED_AVAILABILITY = YES_AGGRESSIVE;
				CLANG_WARN_UNREACHABLE_CODE = YES;
				CLANG_WARN__DUPLICATE_METHOD_MATCH = YES;
				COPY_PHASE_STRIP = NO;
				DEBUG_INFORMATION_FORMAT = "dwarf-with-dsym";
				ENABLE_NS_ASSERTIONS = NO;
				ENABLE_STRICT_OBJC_MSGSEND = YES;
				GCC_C_LANGUAGE_STANDARD = gnu11;
				GCC_NO_COMMON_BLOCKS = YES;
				GCC_WARN_64_TO_32_BIT_CONVERSION = YES;
				GCC_WARN_ABOUT_RETURN_TYPE = YES_ERROR;
				GCC_WARN_UNDECLARED_SELECTOR = YES;
				GCC_WARN_UNINITIALIZED_AUTOS = YES_AGGRESSIVE;
				GCC_WARN_UNUSED_FUNCTION = YES;
				GCC_WARN_UNUSED_VARIABLE = YES;
				IPHONEOS_DEPLOYMENT_TARGET = 15.2;
				MTL_ENABLE_DEBUG_INFO = NO;
				MTL_FAST_MATH = YES;
				SDKROOT = iphoneos;
				SWIFT_COMPILATION_MODE = wholemodule;
				SWIFT_OPTIMIZATION_LEVEL = "-O";
				VALIDATE_PRODUCT = YES;
			};
			name = Release;
		};
		D501275C27AE0B54001EE496 /* Debug */ = {
			isa = XCBuildConfiguration;
			baseConfigurationReference = C644FD859EEC353C12395ECD /* Pods-Flixster.debug.xcconfig */;
			buildSettings = {
				ASSETCATALOG_COMPILER_APPICON_NAME = AppIcon;
				ASSETCATALOG_COMPILER_GLOBAL_ACCENT_COLOR_NAME = AccentColor;
				CODE_SIGN_STYLE = Automatic;
				CURRENT_PROJECT_VERSION = 1;
				DEVELOPMENT_TEAM = LGD44GGZRC;
				GENERATE_INFOPLIST_FILE = YES;
				INFOPLIST_FILE = Flixster/Info.plist;
				INFOPLIST_KEY_UIApplicationSupportsIndirectInputEvents = YES;
				INFOPLIST_KEY_UILaunchStoryboardName = LaunchScreen;
				INFOPLIST_KEY_UIMainStoryboardFile = Main;
				INFOPLIST_KEY_UISupportedInterfaceOrientations = UIInterfaceOrientationPortrait;
				INFOPLIST_KEY_UISupportedInterfaceOrientations_iPad = "UIInterfaceOrientationPortrait UIInterfaceOrientationPortraitUpsideDown UIInterfaceOrientationLandscapeLeft UIInterfaceOrientationLandscapeRight";
				INFOPLIST_KEY_UISupportedInterfaceOrientations_iPhone = "UIInterfaceOrientationPortrait UIInterfaceOrientationLandscapeLeft UIInterfaceOrientationLandscapeRight";
				LD_RUNPATH_SEARCH_PATHS = (
					"$(inherited)",
					"@executable_path/Frameworks",
				);
				MARKETING_VERSION = 1.0;
				PRODUCT_BUNDLE_IDENTIFIER = "com.codepath-alan.Flixster";
				PRODUCT_NAME = "$(TARGET_NAME)";
				SWIFT_EMIT_LOC_STRINGS = YES;
				SWIFT_VERSION = 5.0;
				TARGETED_DEVICE_FAMILY = "1,2";
			};
			name = Debug;
		};
		D501275D27AE0B54001EE496 /* Release */ = {
			isa = XCBuildConfiguration;
			baseConfigurationReference = B892A7CE8D68C551A712D55B /* Pods-Flixster.release.xcconfig */;
			buildSettings = {
				ASSETCATALOG_COMPILER_APPICON_NAME = AppIcon;
				ASSETCATALOG_COMPILER_GLOBAL_ACCENT_COLOR_NAME = AccentColor;
				CODE_SIGN_STYLE = Automatic;
				CURRENT_PROJECT_VERSION = 1;
				DEVELOPMENT_TEAM = LGD44GGZRC;
				GENERATE_INFOPLIST_FILE = YES;
				INFOPLIST_FILE = Flixster/Info.plist;
				INFOPLIST_KEY_UIApplicationSupportsIndirectInputEvents = YES;
				INFOPLIST_KEY_UILaunchStoryboardName = LaunchScreen;
				INFOPLIST_KEY_UIMainStoryboardFile = Main;
				INFOPLIST_KEY_UISupportedInterfaceOrientations = UIInterfaceOrientationPortrait;
				INFOPLIST_KEY_UISupportedInterfaceOrientations_iPad = "UIInterfaceOrientationPortrait UIInterfaceOrientationPortraitUpsideDown UIInterfaceOrientationLandscapeLeft UIInterfaceOrientationLandscapeRight";
				INFOPLIST_KEY_UISupportedInterfaceOrientations_iPhone = "UIInterfaceOrientationPortrait UIInterfaceOrientationLandscapeLeft UIInterfaceOrientationLandscapeRight";
				LD_RUNPATH_SEARCH_PATHS = (
					"$(inherited)",
					"@executable_path/Frameworks",
				);
				MARKETING_VERSION = 1.0;
				PRODUCT_BUNDLE_IDENTIFIER = "com.codepath-alan.Flixster";
				PRODUCT_NAME = "$(TARGET_NAME)";
				SWIFT_EMIT_LOC_STRINGS = YES;
				SWIFT_VERSION = 5.0;
				TARGETED_DEVICE_FAMILY = "1,2";
			};
			name = Release;
		};
		D501275F27AE0B54001EE496 /* Debug */ = {
			isa = XCBuildConfiguration;
			baseConfigurationReference = A4EC05C75E46C84E9E97C784 /* Pods-FlixsterTests.debug.xcconfig */;
			buildSettings = {
				ALWAYS_EMBED_SWIFT_STANDARD_LIBRARIES = YES;
				BUNDLE_LOADER = "$(TEST_HOST)";
				CODE_SIGN_STYLE = Automatic;
				CURRENT_PROJECT_VERSION = 1;
				DEVELOPMENT_TEAM = LGD44GGZRC;
				GENERATE_INFOPLIST_FILE = YES;
				IPHONEOS_DEPLOYMENT_TARGET = 15.2;
				MARKETING_VERSION = 1.0;
				PRODUCT_BUNDLE_IDENTIFIER = com.codepath.FlixsterTests;
				PRODUCT_NAME = "$(TARGET_NAME)";
				SWIFT_EMIT_LOC_STRINGS = NO;
				SWIFT_VERSION = 5.0;
				TARGETED_DEVICE_FAMILY = "1,2";
				TEST_HOST = "$(BUILT_PRODUCTS_DIR)/Flixster.app/Flixster";
			};
			name = Debug;
		};
		D501276027AE0B54001EE496 /* Release */ = {
			isa = XCBuildConfiguration;
			baseConfigurationReference = 1EE7AD8020EE2B56D82A96B4 /* Pods-FlixsterTests.release.xcconfig */;
			buildSettings = {
				ALWAYS_EMBED_SWIFT_STANDARD_LIBRARIES = YES;
				BUNDLE_LOADER = "$(TEST_HOST)";
				CODE_SIGN_STYLE = Automatic;
				CURRENT_PROJECT_VERSION = 1;
				DEVELOPMENT_TEAM = LGD44GGZRC;
				GENERATE_INFOPLIST_FILE = YES;
				IPHONEOS_DEPLOYMENT_TARGET = 15.2;
				MARKETING_VERSION = 1.0;
				PRODUCT_BUNDLE_IDENTIFIER = com.codepath.FlixsterTests;
				PRODUCT_NAME = "$(TARGET_NAME)";
				SWIFT_EMIT_LOC_STRINGS = NO;
				SWIFT_VERSION = 5.0;
				TARGETED_DEVICE_FAMILY = "1,2";
				TEST_HOST = "$(BUILT_PRODUCTS_DIR)/Flixster.app/Flixster";
			};
			name = Release;
		};
		D501276227AE0B54001EE496 /* Debug */ = {
			isa = XCBuildConfiguration;
			baseConfigurationReference = 8D9F3B9EEAEA89733D8AA13D /* Pods-Flixster-FlixsterUITests.debug.xcconfig */;
			buildSettings = {
				ALWAYS_EMBED_SWIFT_STANDARD_LIBRARIES = YES;
				CODE_SIGN_STYLE = Automatic;
				CURRENT_PROJECT_VERSION = 1;
				DEVELOPMENT_TEAM = LGD44GGZRC;
				GENERATE_INFOPLIST_FILE = YES;
				MARKETING_VERSION = 1.0;
				PRODUCT_BUNDLE_IDENTIFIER = com.codepath.FlixsterUITests;
				PRODUCT_NAME = "$(TARGET_NAME)";
				SWIFT_EMIT_LOC_STRINGS = NO;
				SWIFT_VERSION = 5.0;
				TARGETED_DEVICE_FAMILY = "1,2";
				TEST_TARGET_NAME = Flixster;
			};
			name = Debug;
		};
		D501276327AE0B54001EE496 /* Release */ = {
			isa = XCBuildConfiguration;
			baseConfigurationReference = 660C4136B023E55A7ED91174 /* Pods-Flixster-FlixsterUITests.release.xcconfig */;
			buildSettings = {
				ALWAYS_EMBED_SWIFT_STANDARD_LIBRARIES = YES;
				CODE_SIGN_STYLE = Automatic;
				CURRENT_PROJECT_VERSION = 1;
				DEVELOPMENT_TEAM = LGD44GGZRC;
				GENERATE_INFOPLIST_FILE = YES;
				MARKETING_VERSION = 1.0;
				PRODUCT_BUNDLE_IDENTIFIER = com.codepath.FlixsterUITests;
				PRODUCT_NAME = "$(TARGET_NAME)";
				SWIFT_EMIT_LOC_STRINGS = NO;
				SWIFT_VERSION = 5.0;
				TARGETED_DEVICE_FAMILY = "1,2";
				TEST_TARGET_NAME = Flixster;
			};
			name = Release;
		};
/* End XCBuildConfiguration section */

/* Begin XCConfigurationList section */
		D501272C27AE0B52001EE496 /* Build configuration list for PBXProject "Flixster" */ = {
			isa = XCConfigurationList;
			buildConfigurations = (
				D501275927AE0B54001EE496 /* Debug */,
				D501275A27AE0B54001EE496 /* Release */,
			);
			defaultConfigurationIsVisible = 0;
			defaultConfigurationName = Release;
		};
		D501275B27AE0B54001EE496 /* Build configuration list for PBXNativeTarget "Flixster" */ = {
			isa = XCConfigurationList;
			buildConfigurations = (
				D501275C27AE0B54001EE496 /* Debug */,
				D501275D27AE0B54001EE496 /* Release */,
			);
			defaultConfigurationIsVisible = 0;
			defaultConfigurationName = Release;
		};
		D501275E27AE0B54001EE496 /* Build configuration list for PBXNativeTarget "FlixsterTests" */ = {
			isa = XCConfigurationList;
			buildConfigurations = (
				D501275F27AE0B54001EE496 /* Debug */,
				D501276027AE0B54001EE496 /* Release */,
			);
			defaultConfigurationIsVisible = 0;
			defaultConfigurationName = Release;
		};
		D501276127AE0B54001EE496 /* Build configuration list for PBXNativeTarget "FlixsterUITests" */ = {
			isa = XCConfigurationList;
			buildConfigurations = (
				D501276227AE0B54001EE496 /* Debug */,
				D501276327AE0B54001EE496 /* Release */,
			);
			defaultConfigurationIsVisible = 0;
			defaultConfigurationName = Release;
		};
/* End XCConfigurationList section */
	};
	rootObject = D501272927AE0B52001EE496 /* Project object */;
}
